
Microsoft Visual Studio Solution File, Format Version 12.00
# Visual Studio Version 17
VisualStudioVersion = 17.0.31903.59
MinimumVisualStudioVersion = 10.0.40219.1
Project("{2150E333-8FDC-42A3-9474-1A3956D46DE8}") = "src", "src", "{2D078605-5BEC-4DDA-9C3B-74DFC4516648}"
EndProject
Project("{2150E333-8FDC-42A3-9474-1A3956D46DE8}") = "BuildingBlocks", "BuildingBlocks", "{833151EF-18B2-44F2-AE84-90DC25512B22}"
EndProject
Project("{FAE04EC0-301F-11D3-BF4B-00C04F79EFBC}") = "Outclass.BuildingBlocks.Infrastructure", "src\BuildingBlocks\Outclass.BuildingBlocks.Infrastructure\Outclass.BuildingBlocks.Infrastructure.csproj", "{434C2D45-0163-4F74-A693-83E624462BBF}"
EndProject
Project("{FAE04EC0-301F-11D3-BF4B-00C04F79EFBC}") = "Outclass.BuildingBlocks.Domain", "src\BuildingBlocks\Outclass.BuildingBlocks.Domain\Outclass.BuildingBlocks.Domain.csproj", "{123479FC-E047-4AF6-BE3B-99E3D9E489DE}"
EndProject
Project("{FAE04EC0-301F-11D3-BF4B-00C04F79EFBC}") = "Outclass.BuildingBlocks.Application", "src\BuildingBlocks\Outclass.BuildingBlocks.Application\Outclass.BuildingBlocks.Application.csproj", "{FBB01C6B-61C3-44EA-A42E-FB5C7E0692CB}"
EndProject
Project("{FAE04EC0-301F-11D3-BF4B-00C04F79EFBC}") = "Outclass.BuildingBlocks.Contracts", "src\BuildingBlocks\Outclass.BuildingBlocks.Contracts\Outclass.BuildingBlocks.Contracts.csproj", "{63C02B53-780F-4D37-89AC-8BBCD9A607F0}"
EndProject
Project("{2150E333-8FDC-42A3-9474-1A3956D46DE8}") = "Services", "Services", "{EC880629-0506-48FE-9752-574410783140}"
EndProject
Project("{2150E333-8FDC-42A3-9474-1A3956D46DE8}") = "Metadata", "Metadata", "{D98CC49F-2A4A-4014-8DA5-F7987744D6BE}"
EndProject
Project("{FAE04EC0-301F-11D3-BF4B-00C04F79EFBC}") = "Outclass.Metadata.API", "src\Services\Metadata\Outclass.Metadata.API\Outclass.Metadata.API.csproj", "{B9B1603B-1FC5-4EC3-A9FE-3F0467C8436C}"
EndProject
Project("{FAE04EC0-301F-11D3-BF4B-00C04F79EFBC}") = "Outclass.Metadata.Application", "src\Services\Metadata\Outclass.Metadata.Application\Outclass.Metadata.Application.csproj", "{E8003BAF-C266-4DC8-84FF-7793FD6D14B9}"
EndProject
Project("{FAE04EC0-301F-11D3-BF4B-00C04F79EFBC}") = "Outclass.Metadata.Infrastructure", "src\Services\Metadata\Outclass.Metadata.Infrastructure\Outclass.Metadata.Infrastructure.csproj", "{DA674A17-665F-43C0-BCD4-EAAED54A70F7}"
EndProject
Project("{FAE04EC0-301F-11D3-BF4B-00C04F79EFBC}") = "Outclass.Metadata.Domain", "src\Services\Metadata\Outclass.Metadata.Domain\Outclass.Metadata.Domain.csproj", "{35F7F9AD-784E-467A-9118-B09C0491F001}"
EndProject
Project("{2150E333-8FDC-42A3-9474-1A3956D46DE8}") = "Document", "Document", "{54914436-6A75-476B-B997-0E5ABF18754C}"
EndProject
Project("{FAE04EC0-301F-11D3-BF4B-00C04F79EFBC}") = "Outclass.Document.Domain", "src\Services\Document\Outclass.Document.Domain\Outclass.Document.Domain.csproj", "{40C63953-8B86-4693-AA96-1BC33934E8D9}"
EndProject
Project("{FAE04EC0-301F-11D3-BF4B-00C04F79EFBC}") = "Outclass.Document.Infrastructure", "src\Services\Document\Outclass.Document.Infrastructure\Outclass.Document.Infrastructure.csproj", "{595D721F-FA9F-4695-B5F3-3513FAF3DC54}"
EndProject
Project("{FAE04EC0-301F-11D3-BF4B-00C04F79EFBC}") = "Outclass.Document.API", "src\Services\Document\Outclass.Document.API\Outclass.Document.API.csproj", "{DE9D7DD0-A202-48C1-907E-68B44D17693D}"
EndProject
Project("{FAE04EC0-301F-11D3-BF4B-00C04F79EFBC}") = "Outclass.Document.Application", "src\Services\Document\Outclass.Document.Application\Outclass.Document.Application.csproj", "{58AFE17F-BE31-4696-B47F-51C0217A8F62}"
EndProject
Project("{2150E333-8FDC-42A3-9474-1A3956D46DE8}") = "Workflow", "Workflow", "{827577E2-5FA5-49EC-B4F3-F3EA631D4515}"
EndProject
Project("{FAE04EC0-301F-11D3-BF4B-00C04F79EFBC}") = "Outclass.Workflow.Infrastructure", "src\Services\Workflow\Outclass.Workflow.Infrastructure\Outclass.Workflow.Infrastructure.csproj", "{3D29873E-3573-4192-AE79-81616BEEC80D}"
EndProject
Project("{FAE04EC0-301F-11D3-BF4B-00C04F79EFBC}") = "Outclass.Workflow.API", "src\Services\Workflow\Outclass.Workflow.API\Outclass.Workflow.API.csproj", "{777B7D93-86A1-42B0-BA16-EECA77F3C994}"
EndProject
Project("{FAE04EC0-301F-11D3-BF4B-00C04F79EFBC}") = "Outclass.Workflow.Domain", "src\Services\Workflow\Outclass.Workflow.Domain\Outclass.Workflow.Domain.csproj", "{E8E94ED1-7783-4BD2-8C21-4F0BD5581B1D}"
EndProject
Project("{FAE04EC0-301F-11D3-BF4B-00C04F79EFBC}") = "Outclass.Workflow.Application", "src\Services\Workflow\Outclass.Workflow.Application\Outclass.Workflow.Application.csproj", "{15DAD86F-D06F-4143-83DD-0659A4AA9874}"
EndProject
Project("{2150E333-8FDC-42A3-9474-1A3956D46DE8}") = "Identity", "Identity", "{A256AEBF-1377-4FA5-945C-7029603CDACB}"
EndProject
Project("{FAE04EC0-301F-11D3-BF4B-00C04F79EFBC}") = "Outclass.Identity.Domain", "src\Services\Identity\Outclass.Identity.Domain\Outclass.Identity.Domain.csproj", "{DBBAECC4-EE90-4EA4-A184-E96FEF977B43}"
EndProject
Project("{FAE04EC0-301F-11D3-BF4B-00C04F79EFBC}") = "Outclass.Identity.Infrastructure", "src\Services\Identity\Outclass.Identity.Infrastructure\Outclass.Identity.Infrastructure.csproj", "{E102027B-25C7-46F2-9E9E-7E51F250DE71}"
EndProject
Project("{FAE04EC0-301F-11D3-BF4B-00C04F79EFBC}") = "Outclass.Identity.API", "src\Services\Identity\Outclass.Identity.API\Outclass.Identity.API.csproj", "{16D0B0B3-3693-4AB2-9FDE-0D3009BB3372}"
EndProject
Project("{FAE04EC0-301F-11D3-BF4B-00C04F79EFBC}") = "Outclass.Identity.Application", "src\Services\Identity\Outclass.Identity.Application\Outclass.Identity.Application.csproj", "{C87FF127-9B61-49C8-B931-2344CB712BB0}"
EndProject
Project("{2150E333-8FDC-42A3-9474-1A3956D46DE8}") = "Tenant", "Tenant", "{FE5F7727-528A-4727-8F68-FFBCEC0F075E}"
EndProject
Project("{FAE04EC0-301F-11D3-BF4B-00C04F79EFBC}") = "Outclass.Tenant.Infrastructure", "src\Services\Tenant\Outclass.Tenant.Infrastructure\Outclass.Tenant.Infrastructure.csproj", "{491E2190-A402-4706-90E9-17DD48B7AE79}"
EndProject
Project("{FAE04EC0-301F-11D3-BF4B-00C04F79EFBC}") = "Outclass.Tenant.Domain", "src\Services\Tenant\Outclass.Tenant.Domain\Outclass.Tenant.Domain.csproj", "{B3015B9B-F53A-4A17-B17A-280F7219D9F3}"
EndProject
Project("{FAE04EC0-301F-11D3-BF4B-00C04F79EFBC}") = "Outclass.Tenant.API", "src\Services\Tenant\Outclass.Tenant.API\Outclass.Tenant.API.csproj", "{15D7E2D3-4FEC-45AC-B11C-473A617B76B5}"
EndProject
Project("{FAE04EC0-301F-11D3-BF4B-00C04F79EFBC}") = "Outclass.Tenant.Application", "src\Services\Tenant\Outclass.Tenant.Application\Outclass.Tenant.Application.csproj", "{FB185D25-1462-4FE0-8AD6-973FB647A942}"
EndProject
Project("{2150E333-8FDC-42A3-9474-1A3956D46DE8}") = "FileStorage", "FileStorage", "{98AD2319-38C9-420C-8A11-5CF4BAC99974}"
EndProject
Project("{FAE04EC0-301F-11D3-BF4B-00C04F79EFBC}") = "Outclass.FileStorage.Infrastructure", "src\Services\FileStorage\Outclass.FileStorage.Infrastructure\Outclass.FileStorage.Infrastructure.csproj", "{B3FCD533-3972-4575-A208-17B93537F821}"
EndProject
Project("{FAE04EC0-301F-11D3-BF4B-00C04F79EFBC}") = "Outclass.FileStorage.Application", "src\Services\FileStorage\Outclass.FileStorage.Application\Outclass.FileStorage.Application.csproj", "{AF50BE31-5609-41D0-B808-AF595A15022D}"
EndProject
Project("{FAE04EC0-301F-11D3-BF4B-00C04F79EFBC}") = "Outclass.FileStorage.Domain", "src\Services\FileStorage\Outclass.FileStorage.Domain\Outclass.FileStorage.Domain.csproj", "{6F93E1B2-9CA4-4E8A-86B2-B043BCC3E717}"
EndProject
Project("{FAE04EC0-301F-11D3-BF4B-00C04F79EFBC}") = "Outclass.FileStorage.API", "src\Services\FileStorage\Outclass.FileStorage.API\Outclass.FileStorage.API.csproj", "{FB5BE248-5457-4265-90A4-D8D6F6B32E36}"
EndProject
Project("{2150E333-8FDC-42A3-9474-1A3956D46DE8}") = "Automation", "Automation", "{CBB58D4B-27E1-460A-9ACE-7F078648CB7F}"
EndProject
Project("{FAE04EC0-301F-11D3-BF4B-00C04F79EFBC}") = "Outclass.Automation.Application", "src\Services\Automation\Outclass.Automation.Application\Outclass.Automation.Application.csproj", "{874E1B75-B931-41E0-9DB3-8074C7EB56A9}"
EndProject
Project("{FAE04EC0-301F-11D3-BF4B-00C04F79EFBC}") = "Outclass.Automation.Domain", "src\Services\Automation\Outclass.Automation.Domain\Outclass.Automation.Domain.csproj", "{6A14C547-E355-41A2-80F2-B7BF04A26D14}"
EndProject
Project("{FAE04EC0-301F-11D3-BF4B-00C04F79EFBC}") = "Outclass.Automation.Infrastructure", "src\Services\Automation\Outclass.Automation.Infrastructure\Outclass.Automation.Infrastructure.csproj", "{D21DE49B-1518-4499-A6A2-4D9F330C4739}"
EndProject
Project("{FAE04EC0-301F-11D3-BF4B-00C04F79EFBC}") = "Outclass.Automation.API", "src\Services\Automation\Outclass.Automation.API\Outclass.Automation.API.csproj", "{DE3B601E-F557-44E4-A00C-A67118E224DA}"
EndProject
Project("{2150E333-8FDC-42A3-9474-1A3956D46DE8}") = "Gateway", "Gateway", "{90D6567F-731E-4F08-ABFF-E7D385E10532}"
EndProject
Project("{FAE04EC0-301F-11D3-BF4B-00C04F79EFBC}") = "Outclass.Gateway", "src\Gateway\Outclass.Gateway\Outclass.Gateway.csproj", "{F98DCEEA-94AB-4703-872C-CE9857F9E24D}"
EndProject
Global
	GlobalSection(SolutionConfigurationPlatforms) = preSolution
		Debug|Any CPU = Debug|Any CPU
		Release|Any CPU = Release|Any CPU
	EndGlobalSection
	GlobalSection(SolutionProperties) = preSolution
		HideSolutionNode = FALSE
	EndGlobalSection
	GlobalSection(ProjectConfigurationPlatforms) = postSolution
		{434C2D45-0163-4F74-A693-83E624462BBF}.Debug|Any CPU.ActiveCfg = Debug|Any CPU
		{434C2D45-0163-4F74-A693-83E624462BBF}.Debug|Any CPU.Build.0 = Debug|Any CPU
		{434C2D45-0163-4F74-A693-83E624462BBF}.Release|Any CPU.ActiveCfg = Release|Any CPU
		{434C2D45-0163-4F74-A693-83E624462BBF}.Release|Any CPU.Build.0 = Release|Any CPU
		{123479FC-E047-4AF6-BE3B-99E3D9E489DE}.Debug|Any CPU.ActiveCfg = Debug|Any CPU
		{123479FC-E047-4AF6-BE3B-99E3D9E489DE}.Debug|Any CPU.Build.0 = Debug|Any CPU
		{123479FC-E047-4AF6-BE3B-99E3D9E489DE}.Release|Any CPU.ActiveCfg = Release|Any CPU
		{123479FC-E047-4AF6-BE3B-99E3D9E489DE}.Release|Any CPU.Build.0 = Release|Any CPU
		{FBB01C6B-61C3-44EA-A42E-FB5C7E0692CB}.Debug|Any CPU.ActiveCfg = Debug|Any CPU
		{FBB01C6B-61C3-44EA-A42E-FB5C7E0692CB}.Debug|Any CPU.Build.0 = Debug|Any CPU
		{FBB01C6B-61C3-44EA-A42E-FB5C7E0692CB}.Release|Any CPU.ActiveCfg = Release|Any CPU
		{FBB01C6B-61C3-44EA-A42E-FB5C7E0692CB}.Release|Any CPU.Build.0 = Release|Any CPU
		{63C02B53-780F-4D37-89AC-8BBCD9A607F0}.Debug|Any CPU.ActiveCfg = Debug|Any CPU
		{63C02B53-780F-4D37-89AC-8BBCD9A607F0}.Debug|Any CPU.Build.0 = Debug|Any CPU
		{63C02B53-780F-4D37-89AC-8BBCD9A607F0}.Release|Any CPU.ActiveCfg = Release|Any CPU
		{63C02B53-780F-4D37-89AC-8BBCD9A607F0}.Release|Any CPU.Build.0 = Release|Any CPU
		{B9B1603B-1FC5-4EC3-A9FE-3F0467C8436C}.Debug|Any CPU.ActiveCfg = Debug|Any CPU
		{B9B1603B-1FC5-4EC3-A9FE-3F0467C8436C}.Debug|Any CPU.Build.0 = Debug|Any CPU
		{B9B1603B-1FC5-4EC3-A9FE-3F0467C8436C}.Release|Any CPU.ActiveCfg = Release|Any CPU
		{B9B1603B-1FC5-4EC3-A9FE-3F0467C8436C}.Release|Any CPU.Build.0 = Release|Any CPU
		{E8003BAF-C266-4DC8-84FF-7793FD6D14B9}.Debug|Any CPU.ActiveCfg = Debug|Any CPU
		{E8003BAF-C266-4DC8-84FF-7793FD6D14B9}.Debug|Any CPU.Build.0 = Debug|Any CPU
		{E8003BAF-C266-4DC8-84FF-7793FD6D14B9}.Release|Any CPU.ActiveCfg = Release|Any CPU
		{E8003BAF-C266-4DC8-84FF-7793FD6D14B9}.Release|Any CPU.Build.0 = Release|Any CPU
		{DA674A17-665F-43C0-BCD4-EAAED54A70F7}.Debug|Any CPU.ActiveCfg = Debug|Any CPU
		{DA674A17-665F-43C0-BCD4-EAAED54A70F7}.Debug|Any CPU.Build.0 = Debug|Any CPU
		{DA674A17-665F-43C0-BCD4-EAAED54A70F7}.Release|Any CPU.ActiveCfg = Release|Any CPU
		{DA674A17-665F-43C0-BCD4-EAAED54A70F7}.Release|Any CPU.Build.0 = Release|Any CPU
		{35F7F9AD-784E-467A-9118-B09C0491F001}.Debug|Any CPU.ActiveCfg = Debug|Any CPU
		{35F7F9AD-784E-467A-9118-B09C0491F001}.Debug|Any CPU.Build.0 = Debug|Any CPU
		{35F7F9AD-784E-467A-9118-B09C0491F001}.Release|Any CPU.ActiveCfg = Release|Any CPU
		{35F7F9AD-784E-467A-9118-B09C0491F001}.Release|Any CPU.Build.0 = Release|Any CPU
		{40C63953-8B86-4693-AA96-1BC33934E8D9}.Debug|Any CPU.ActiveCfg = Debug|Any CPU
		{40C63953-8B86-4693-AA96-1BC33934E8D9}.Debug|Any CPU.Build.0 = Debug|Any CPU
		{40C63953-8B86-4693-AA96-1BC33934E8D9}.Release|Any CPU.ActiveCfg = Release|Any CPU
		{40C63953-8B86-4693-AA96-1BC33934E8D9}.Release|Any CPU.Build.0 = Release|Any CPU
		{595D721F-FA9F-4695-B5F3-3513FAF3DC54}.Debug|Any CPU.ActiveCfg = Debug|Any CPU
		{595D721F-FA9F-4695-B5F3-3513FAF3DC54}.Debug|Any CPU.Build.0 = Debug|Any CPU
		{595D721F-FA9F-4695-B5F3-3513FAF3DC54}.Release|Any CPU.ActiveCfg = Release|Any CPU
		{595D721F-FA9F-4695-B5F3-3513FAF3DC54}.Release|Any CPU.Build.0 = Release|Any CPU
		{DE9D7DD0-A202-48C1-907E-68B44D17693D}.Debug|Any CPU.ActiveCfg = Debug|Any CPU
		{DE9D7DD0-A202-48C1-907E-68B44D17693D}.Debug|Any CPU.Build.0 = Debug|Any CPU
		{DE9D7DD0-A202-48C1-907E-68B44D17693D}.Release|Any CPU.ActiveCfg = Release|Any CPU
		{DE9D7DD0-A202-48C1-907E-68B44D17693D}.Release|Any CPU.Build.0 = Release|Any CPU
		{58AFE17F-BE31-4696-B47F-51C0217A8F62}.Debug|Any CPU.ActiveCfg = Debug|Any CPU
		{58AFE17F-BE31-4696-B47F-51C0217A8F62}.Debug|Any CPU.Build.0 = Debug|Any CPU
		{58AFE17F-BE31-4696-B47F-51C0217A8F62}.Release|Any CPU.ActiveCfg = Release|Any CPU
		{58AFE17F-BE31-4696-B47F-51C0217A8F62}.Release|Any CPU.Build.0 = Release|Any CPU
		{3D29873E-3573-4192-AE79-81616BEEC80D}.Debug|Any CPU.ActiveCfg = Debug|Any CPU
		{3D29873E-3573-4192-AE79-81616BEEC80D}.Debug|Any CPU.Build.0 = Debug|Any CPU
		{3D29873E-3573-4192-AE79-81616BEEC80D}.Release|Any CPU.ActiveCfg = Release|Any CPU
		{3D29873E-3573-4192-AE79-81616BEEC80D}.Release|Any CPU.Build.0 = Release|Any CPU
		{777B7D93-86A1-42B0-BA16-EECA77F3C994}.Debug|Any CPU.ActiveCfg = Debug|Any CPU
		{777B7D93-86A1-42B0-BA16-EECA77F3C994}.Debug|Any CPU.Build.0 = Debug|Any CPU
		{777B7D93-86A1-42B0-BA16-EECA77F3C994}.Release|Any CPU.ActiveCfg = Release|Any CPU
		{777B7D93-86A1-42B0-BA16-EECA77F3C994}.Release|Any CPU.Build.0 = Release|Any CPU
		{E8E94ED1-7783-4BD2-8C21-4F0BD5581B1D}.Debug|Any CPU.ActiveCfg = Debug|Any CPU
		{E8E94ED1-7783-4BD2-8C21-4F0BD5581B1D}.Debug|Any CPU.Build.0 = Debug|Any CPU
		{E8E94ED1-7783-4BD2-8C21-4F0BD5581B1D}.Release|Any CPU.ActiveCfg = Release|Any CPU
		{E8E94ED1-7783-4BD2-8C21-4F0BD5581B1D}.Release|Any CPU.Build.0 = Release|Any CPU
		{15DAD86F-D06F-4143-83DD-0659A4AA9874}.Debug|Any CPU.ActiveCfg = Debug|Any CPU
		{15DAD86F-D06F-4143-83DD-0659A4AA9874}.Debug|Any CPU.Build.0 = Debug|Any CPU
		{15DAD86F-D06F-4143-83DD-0659A4AA9874}.Release|Any CPU.ActiveCfg = Release|Any CPU
		{15DAD86F-D06F-4143-83DD-0659A4AA9874}.Release|Any CPU.Build.0 = Release|Any CPU
		{DBBAECC4-EE90-4EA4-A184-E96FEF977B43}.Debug|Any CPU.ActiveCfg = Debug|Any CPU
		{DBBAECC4-EE90-4EA4-A184-E96FEF977B43}.Debug|Any CPU.Build.0 = Debug|Any CPU
		{DBBAECC4-EE90-4EA4-A184-E96FEF977B43}.Release|Any CPU.ActiveCfg = Release|Any CPU
		{DBBAECC4-EE90-4EA4-A184-E96FEF977B43}.Release|Any CPU.Build.0 = Release|Any CPU
		{E102027B-25C7-46F2-9E9E-7E51F250DE71}.Debug|Any CPU.ActiveCfg = Debug|Any CPU
		{E102027B-25C7-46F2-9E9E-7E51F250DE71}.Debug|Any CPU.Build.0 = Debug|Any CPU
		{E102027B-25C7-46F2-9E9E-7E51F250DE71}.Release|Any CPU.ActiveCfg = Release|Any CPU
		{E102027B-25C7-46F2-9E9E-7E51F250DE71}.Release|Any CPU.Build.0 = Release|Any CPU
		{16D0B0B3-3693-4AB2-9FDE-0D3009BB3372}.Debug|Any CPU.ActiveCfg = Debug|Any CPU
		{16D0B0B3-3693-4AB2-9FDE-0D3009BB3372}.Debug|Any CPU.Build.0 = Debug|Any CPU
		{16D0B0B3-3693-4AB2-9FDE-0D3009BB3372}.Release|Any CPU.ActiveCfg = Release|Any CPU
		{16D0B0B3-3693-4AB2-9FDE-0D3009BB3372}.Release|Any CPU.Build.0 = Release|Any CPU
		{C87FF127-9B61-49C8-B931-2344CB712BB0}.Debug|Any CPU.ActiveCfg = Debug|Any CPU
		{C87FF127-9B61-49C8-B931-2344CB712BB0}.Debug|Any CPU.Build.0 = Debug|Any CPU
		{C87FF127-9B61-49C8-B931-2344CB712BB0}.Release|Any CPU.ActiveCfg = Release|Any CPU
		{C87FF127-9B61-49C8-B931-2344CB712BB0}.Release|Any CPU.Build.0 = Release|Any CPU
		{491E2190-A402-4706-90E9-17DD48B7AE79}.Debug|Any CPU.ActiveCfg = Debug|Any CPU
		{491E2190-A402-4706-90E9-17DD48B7AE79}.Debug|Any CPU.Build.0 = Debug|Any CPU
		{491E2190-A402-4706-90E9-17DD48B7AE79}.Release|Any CPU.ActiveCfg = Release|Any CPU
		{491E2190-A402-4706-90E9-17DD48B7AE79}.Release|Any CPU.Build.0 = Release|Any CPU
		{B3015B9B-F53A-4A17-B17A-280F7219D9F3}.Debug|Any CPU.ActiveCfg = Debug|Any CPU
		{B3015B9B-F53A-4A17-B17A-280F7219D9F3}.Debug|Any CPU.Build.0 = Debug|Any CPU
		{B3015B9B-F53A-4A17-B17A-280F7219D9F3}.Release|Any CPU.ActiveCfg = Release|Any CPU
		{B3015B9B-F53A-4A17-B17A-280F7219D9F3}.Release|Any CPU.Build.0 = Release|Any CPU
		{15D7E2D3-4FEC-45AC-B11C-473A617B76B5}.Debug|Any CPU.ActiveCfg = Debug|Any CPU
		{15D7E2D3-4FEC-45AC-B11C-473A617B76B5}.Debug|Any CPU.Build.0 = Debug|Any CPU
		{15D7E2D3-4FEC-45AC-B11C-473A617B76B5}.Release|Any CPU.ActiveCfg = Release|Any CPU
		{15D7E2D3-4FEC-45AC-B11C-473A617B76B5}.Release|Any CPU.Build.0 = Release|Any CPU
		{FB185D25-1462-4FE0-8AD6-973FB647A942}.Debug|Any CPU.ActiveCfg = Debug|Any CPU
		{FB185D25-1462-4FE0-8AD6-973FB647A942}.Debug|Any CPU.Build.0 = Debug|Any CPU
		{FB185D25-1462-4FE0-8AD6-973FB647A942}.Release|Any CPU.ActiveCfg = Release|Any CPU
		{FB185D25-1462-4FE0-8AD6-973FB647A942}.Release|Any CPU.Build.0 = Release|Any CPU
		{B3FCD533-3972-4575-A208-17B93537F821}.Debug|Any CPU.ActiveCfg = Debug|Any CPU
		{B3FCD533-3972-4575-A208-17B93537F821}.Debug|Any CPU.Build.0 = Debug|Any CPU
		{B3FCD533-3972-4575-A208-17B93537F821}.Release|Any CPU.ActiveCfg = Release|Any CPU
		{B3FCD533-3972-4575-A208-17B93537F821}.Release|Any CPU.Build.0 = Release|Any CPU
		{AF50BE31-5609-41D0-B808-AF595A15022D}.Debug|Any CPU.ActiveCfg = Debug|Any CPU
		{AF50BE31-5609-41D0-B808-AF595A15022D}.Debug|Any CPU.Build.0 = Debug|Any CPU
		{AF50BE31-5609-41D0-B808-AF595A15022D}.Release|Any CPU.ActiveCfg = Release|Any CPU
		{AF50BE31-5609-41D0-B808-AF595A15022D}.Release|Any CPU.Build.0 = Release|Any CPU
		{6F93E1B2-9CA4-4E8A-86B2-B043BCC3E717}.Debug|Any CPU.ActiveCfg = Debug|Any CPU
		{6F93E1B2-9CA4-4E8A-86B2-B043BCC3E717}.Debug|Any CPU.Build.0 = Debug|Any CPU
		{6F93E1B2-9CA4-4E8A-86B2-B043BCC3E717}.Release|Any CPU.ActiveCfg = Release|Any CPU
		{6F93E1B2-9CA4-4E8A-86B2-B043BCC3E717}.Release|Any CPU.Build.0 = Release|Any CPU
		{FB5BE248-5457-4265-90A4-D8D6F6B32E36}.Debug|Any CPU.ActiveCfg = Debug|Any CPU
		{FB5BE248-5457-4265-90A4-D8D6F6B32E36}.Debug|Any CPU.Build.0 = Debug|Any CPU
		{FB5BE248-5457-4265-90A4-D8D6F6B32E36}.Release|Any CPU.ActiveCfg = Release|Any CPU
		{FB5BE248-5457-4265-90A4-D8D6F6B32E36}.Release|Any CPU.Build.0 = Release|Any CPU
		{874E1B75-B931-41E0-9DB3-8074C7EB56A9}.Debug|Any CPU.ActiveCfg = Debug|Any CPU
		{874E1B75-B931-41E0-9DB3-8074C7EB56A9}.Debug|Any CPU.Build.0 = Debug|Any CPU
		{874E1B75-B931-41E0-9DB3-8074C7EB56A9}.Release|Any CPU.ActiveCfg = Release|Any CPU
		{874E1B75-B931-41E0-9DB3-8074C7EB56A9}.Release|Any CPU.Build.0 = Release|Any CPU
		{6A14C547-E355-41A2-80F2-B7BF04A26D14}.Debug|Any CPU.ActiveCfg = Debug|Any CPU
		{6A14C547-E355-41A2-80F2-B7BF04A26D14}.Debug|Any CPU.Build.0 = Debug|Any CPU
		{6A14C547-E355-41A2-80F2-B7BF04A26D14}.Release|Any CPU.ActiveCfg = Release|Any CPU
		{6A14C547-E355-41A2-80F2-B7BF04A26D14}.Release|Any CPU.Build.0 = Release|Any CPU
		{D21DE49B-1518-4499-A6A2-4D9F330C4739}.Debug|Any CPU.ActiveCfg = Debug|Any CPU
		{D21DE49B-1518-4499-A6A2-4D9F330C4739}.Debug|Any CPU.Build.0 = Debug|Any CPU
		{D21DE49B-1518-4499-A6A2-4D9F330C4739}.Release|Any CPU.ActiveCfg = Release|Any CPU
		{D21DE49B-1518-4499-A6A2-4D9F330C4739}.Release|Any CPU.Build.0 = Release|Any CPU
		{DE3B601E-F557-44E4-A00C-A67118E224DA}.Debug|Any CPU.ActiveCfg = Debug|Any CPU
		{DE3B601E-F557-44E4-A00C-A67118E224DA}.Debug|Any CPU.Build.0 = Debug|Any CPU
		{DE3B601E-F557-44E4-A00C-A67118E224DA}.Release|Any CPU.ActiveCfg = Release|Any CPU
		{DE3B601E-F557-44E4-A00C-A67118E224DA}.Release|Any CPU.Build.0 = Release|Any CPU
		{F98DCEEA-94AB-4703-872C-CE9857F9E24D}.Debug|Any CPU.ActiveCfg = Debug|Any CPU
		{F98DCEEA-94AB-4703-872C-CE9857F9E24D}.Debug|Any CPU.Build.0 = Debug|Any CPU
		{F98DCEEA-94AB-4703-872C-CE9857F9E24D}.Release|Any CPU.ActiveCfg = Release|Any CPU
		{F98DCEEA-94AB-4703-872C-CE9857F9E24D}.Release|Any CPU.Build.0 = Release|Any CPU
	EndGlobalSection
	GlobalSection(NestedProjects) = preSolution
		{833151EF-18B2-44F2-AE84-90DC25512B22} = {2D078605-5BEC-4DDA-9C3B-74DFC4516648}
		{434C2D45-0163-4F74-A693-83E624462BBF} = {833151EF-18B2-44F2-AE84-90DC25512B22}
		{123479FC-E047-4AF6-BE3B-99E3D9E489DE} = {833151EF-18B2-44F2-AE84-90DC25512B22}
		{FBB01C6B-61C3-44EA-A42E-FB5C7E0692CB} = {833151EF-18B2-44F2-AE84-90DC25512B22}
		{63C02B53-780F-4D37-89AC-8BBCD9A607F0} = {833151EF-18B2-44F2-AE84-90DC25512B22}
		{EC880629-0506-48FE-9752-574410783140} = {2D078605-5BEC-4DDA-9C3B-74DFC4516648}
		{D98CC49F-2A4A-4014-8DA5-F7987744D6BE} = {EC880629-0506-48FE-9752-574410783140}
		{B9B1603B-1FC5-4EC3-A9FE-3F0467C8436C} = {D98CC49F-2A4A-4014-8DA5-F7987744D6BE}
		{E8003BAF-C266-4DC8-84FF-7793FD6D14B9} = {D98CC49F-2A4A-4014-8DA5-F7987744D6BE}
		{DA674A17-665F-43C0-BCD4-EAAED54A70F7} = {D98CC49F-2A4A-4014-8DA5-F7987744D6BE}
		{35F7F9AD-784E-467A-9118-B09C0491F001} = {D98CC49F-2A4A-4014-8DA5-F7987744D6BE}
		{54914436-6A75-476B-B997-0E5ABF18754C} = {EC880629-0506-48FE-9752-574410783140}
		{40C63953-8B86-4693-AA96-1BC33934E8D9} = {54914436-6A75-476B-B997-0E5ABF18754C}
		{595D721F-FA9F-4695-B5F3-3513FAF3DC54} = {54914436-6A75-476B-B997-0E5ABF18754C}
		{DE9D7DD0-A202-48C1-907E-68B44D17693D} = {54914436-6A75-476B-B997-0E5ABF18754C}
		{58AFE17F-BE31-4696-B47F-51C0217A8F62} = {54914436-6A75-476B-B997-0E5ABF18754C}
		{827577E2-5FA5-49EC-B4F3-F3EA631D4515} = {EC880629-0506-48FE-9752-574410783140}
		{3D29873E-3573-4192-AE79-81616BEEC80D} = {827577E2-5FA5-49EC-B4F3-F3EA631D4515}
		{777B7D93-86A1-42B0-BA16-EECA77F3C994} = {827577E2-5FA5-49EC-B4F3-F3EA631D4515}
		{E8E94ED1-7783-4BD2-8C21-4F0BD5581B1D} = {827577E2-5FA5-49EC-B4F3-F3EA631D4515}
		{15DAD86F-D06F-4143-83DD-0659A4AA9874} = {827577E2-5FA5-49EC-B4F3-F3EA631D4515}
		{A256AEBF-1377-4FA5-945C-7029603CDACB} = {EC880629-0506-48FE-9752-574410783140}
		{DBBAECC4-EE90-4EA4-A184-E96FEF977B43} = {A256AEBF-1377-4FA5-945C-7029603CDACB}
		{E102027B-25C7-46F2-9E9E-7E51F250DE71} = {A256AEBF-1377-4FA5-945C-7029603CDACB}
		{16D0B0B3-3693-4AB2-9FDE-0D3009BB3372} = {A256AEBF-1377-4FA5-945C-7029603CDACB}
		{C87FF127-9B61-49C8-B931-2344CB712BB0} = {A256AEBF-1377-4FA5-945C-7029603CDACB}
		{FE5F7727-528A-4727-8F68-FFBCEC0F075E} = {EC880629-0506-48FE-9752-574410783140}
		{491E2190-A402-4706-90E9-17DD48B7AE79} = {FE5F7727-528A-4727-8F68-FFBCEC0F075E}
		{B3015B9B-F53A-4A17-B17A-280F7219D9F3} = {FE5F7727-528A-4727-8F68-FFBCEC0F075E}
		{15D7E2D3-4FEC-45AC-B11C-473A617B76B5} = {FE5F7727-528A-4727-8F68-FFBCEC0F075E}
		{FB185D25-1462-4FE0-8AD6-973FB647A942} = {FE5F7727-528A-4727-8F68-FFBCEC0F075E}
		{98AD2319-38C9-420C-8A11-5CF4BAC99974} = {EC880629-0506-48FE-9752-574410783140}
		{B3FCD533-3972-4575-A208-17B93537F821} = {98AD2319-38C9-420C-8A11-5CF4BAC99974}
		{AF50BE31-5609-41D0-B808-AF595A15022D} = {98AD2319-38C9-420C-8A11-5CF4BAC99974}
		{6F93E1B2-9CA4-4E8A-86B2-B043BCC3E717} = {98AD2319-38C9-420C-8A11-5CF4BAC99974}
		{FB5BE248-5457-4265-90A4-D8D6F6B32E36} = {98AD2319-38C9-420C-8A11-5CF4BAC99974}
		{CBB58D4B-27E1-460A-9ACE-7F078648CB7F} = {EC880629-0506-48FE-9752-574410783140}
		{874E1B75-B931-41E0-9DB3-8074C7EB56A9} = {CBB58D4B-27E1-460A-9ACE-7F078648CB7F}
		{6A14C547-E355-41A2-80F2-B7BF04A26D14} = {CBB58D4B-27E1-460A-9ACE-7F078648CB7F}
		{D21DE49B-1518-4499-A6A2-4D9F330C4739} = {CBB58D4B-27E1-460A-9ACE-7F078648CB7F}
		{DE3B601E-F557-44E4-A00C-A67118E224DA} = {CBB58D4B-27E1-460A-9ACE-7F078648CB7F}
		{90D6567F-731E-4F08-ABFF-E7D385E10532} = {2D078605-5BEC-4DDA-9C3B-74DFC4516648}
		{F98DCEEA-94AB-4703-872C-CE9857F9E24D} = {90D6567F-731E-4F08-ABFF-E7D385E10532}
	EndGlobalSection
EndGlobal
